
Microsoft Visual Studio Solution File, Format Version 12.00
# Visual Studio Version 16
VisualStudioVersion = 16.0.31005.135
MinimumVisualStudioVersion = 10.0.40219.1
Project("{8BC9CEB8-8B4A-11D0-8D11-00A0C91BC942}") = "kinpo", "kinpo\kinpo.vcxproj", "{5135A3AE-9137-4110-85DE-09355F405308}"
EndProject
Project("{8BC9CEB8-8B4A-11D0-8D11-00A0C91BC942}") = "ChoiceOfFixedPoints_UnitTest", "ChoiceOfFixedPoints_UnitTest\ChoiceOfFixedPoints_UnitTest.vcxproj", "{E3623A4C-D501-4474-84AD-2FD0E4407890}"
EndProject
Project("{8BC9CEB8-8B4A-11D0-8D11-00A0C91BC942}") = "numberOfTranspositionWithFixedPoints_UnitTest", "numberOfTranspositionWithFixedPoints_UnitTest\numberOfTranspositionWithFixedPoints_UnitTest.vcxproj", "{582E8644-E353-4FBD-A046-3B65360CFEC6}"
EndProject
Project("{8BC9CEB8-8B4A-11D0-8D11-00A0C91BC942}") = "numberOfTranspositionWithoutFixedPoints_UnitTest", "numberOfTranspositionWithoutFixedPoints_UnitTest\numberOfTranspositionWithoutFixedPoints_UnitTest.vcxproj", "{D8CB6377-4BF9-40D7-B962-7CE1471886E9}"
EndProject
Global
	GlobalSection(SolutionConfigurationPlatforms) = preSolution
		Debug|x64 = Debug|x64
		Debug|x86 = Debug|x86
		Release|x64 = Release|x64
		Release|x86 = Release|x86
	EndGlobalSection
	GlobalSection(ProjectConfigurationPlatforms) = postSolution
		{5135A3AE-9137-4110-85DE-09355F405308}.Debug|x64.ActiveCfg = Debug|x64
		{5135A3AE-9137-4110-85DE-09355F405308}.Debug|x64.Build.0 = Debug|x64
		{5135A3AE-9137-4110-85DE-09355F405308}.Debug|x86.ActiveCfg = Debug|Win32
		{5135A3AE-9137-4110-85DE-09355F405308}.Debug|x86.Build.0 = Debug|Win32
		{5135A3AE-9137-4110-85DE-09355F405308}.Release|x64.ActiveCfg = Release|x64
		{5135A3AE-9137-4110-85DE-09355F405308}.Release|x64.Build.0 = Release|x64
		{5135A3AE-9137-4110-85DE-09355F405308}.Release|x86.ActiveCfg = Release|Win32
		{5135A3AE-9137-4110-85DE-09355F405308}.Release|x86.Build.0 = Release|Win32
		{E3623A4C-D501-4474-84AD-2FD0E4407890}.Debug|x64.ActiveCfg = Debug|x64
		{E3623A4C-D501-4474-84AD-2FD0E4407890}.Debug|x64.Build.0 = Debug|x64
		{E3623A4C-D501-4474-84AD-2FD0E4407890}.Debug|x86.ActiveCfg = Debug|Win32
		{E3623A4C-D501-4474-84AD-2FD0E4407890}.Debug|x86.Build.0 = Debug|Win32
		{E3623A4C-D501-4474-84AD-2FD0E4407890}.Release|x64.ActiveCfg = Release|x64
		{E3623A4C-D501-4474-84AD-2FD0E4407890}.Release|x64.Build.0 = Release|x64
		{E3623A4C-D501-4474-84AD-2FD0E4407890}.Release|x86.ActiveCfg = Release|Win32
		{E3623A4C-D501-4474-84AD-2FD0E4407890}.Release|x86.Build.0 = Release|Win32
		{582E8644-E353-4FBD-A046-3B65360CFEC6}.Debug|x64.ActiveCfg = Debug|x64
		{582E8644-E353-4FBD-A046-3B65360CFEC6}.Debug|x64.Build.0 = Debug|x64
		{582E8644-E353-4FBD-A046-3B65360CFEC6}.Debug|x86.ActiveCfg = Debug|Win32
		{582E8644-E353-4FBD-A046-3B65360CFEC6}.Debug|x86.Build.0 = Debug|Win32
		{582E8644-E353-4FBD-A046-3B65360CFEC6}.Release|x64.ActiveCfg = Release|x64
		{582E8644-E353-4FBD-A046-3B65360CFEC6}.Release|x64.Build.0 = Release|x64
		{582E8644-E353-4FBD-A046-3B65360CFEC6}.Release|x86.ActiveCfg = Release|Win32
		{582E8644-E353-4FBD-A046-3B65360CFEC6}.Release|x86.Build.0 = Release|Win32
		{D8CB6377-4BF9-40D7-B962-7CE1471886E9}.Debug|x64.ActiveCfg = Debug|x64
		{D8CB6377-4BF9-40D7-B962-7CE1471886E9}.Debug|x64.Build.0 = Debug|x64
		{D8CB6377-4BF9-40D7-B962-7CE1471886E9}.Debug|x86.ActiveCfg = Debug|Win32
		{D8CB6377-4BF9-40D7-B962-7CE1471886E9}.Debug|x86.Build.0 = Debug|Win32
		{D8CB6377-4BF9-40D7-B962-7CE1471886E9}.Release|x64.ActiveCfg = Release|x64
		{D8CB6377-4BF9-40D7-B962-7CE1471886E9}.Release|x64.Build.0 = Release|x64
		{D8CB6377-4BF9-40D7-B962-7CE1471886E9}.Release|x86.ActiveCfg = Release|Win32
		{D8CB6377-4BF9-40D7-B962-7CE1471886E9}.Release|x86.Build.0 = Release|Win32
	EndGlobalSection
	GlobalSection(SolutionProperties) = preSolution
		HideSolutionNode = FALSE
	EndGlobalSection
	GlobalSection(ExtensibilityGlobals) = postSolution
		SolutionGuid = {F0FE6DE9-DC5E-4B1E-B37D-6AD615ACF094}
	EndGlobalSection
EndGlobal
